
Microsoft Visual Studio Solution File, Format Version 12.00
# Visual Studio Version 17
VisualStudioVersion = 17.0.32112.339
MinimumVisualStudioVersion = 10.0.40219.1
Project("{2150E333-8FDC-42A3-9474-1A3956D46DE8}") = "FrontEnd", "FrontEnd", "{19B48D4E-D144-4D71-949D-90E52F018B89}"
EndProject
Project("{9A19103F-16F7-4668-BE54-9A1E7A4F7556}") = "Delux.Web", "Delux.Web\Delux.Web.csproj", "{6AC753AF-E381-4509-A541-837B9558D933}"
EndProject
Project("{2150E333-8FDC-42A3-9474-1A3956D46DE8}") = "Services", "Services", "{5EC3445F-F240-4C49-BA0E-939EB30EF97D}"
EndProject
Project("{9A19103F-16F7-4668-BE54-9A1E7A4F7556}") = "Delux.Services.ProductAPI", "Delux.Services.ProductAPI\Delux.Services.ProductAPI.csproj", "{EE1FBBFC-7E2F-4401-A7C0-9BB60C8DEB06}"
EndProject
Project("{9A19103F-16F7-4668-BE54-9A1E7A4F7556}") = "Delux.Service.Identity", "Delux.Service.Identity\Delux.Service.Identity.csproj", "{365126C1-877E-4765-A2AD-A7ED6DF77F36}"
EndProject
Project("{9A19103F-16F7-4668-BE54-9A1E7A4F7556}") = "Delux.Services.ShoppingCartAPI", "Delux.Services.ShoppingCartAPI\Delux.Services.ShoppingCartAPI.csproj", "{B2E4264F-D98E-485C-BB9E-AB6E6981DBB7}"
EndProject
Project("{FAE04EC0-301F-11D3-BF4B-00C04F79EFBC}") = "Delux.Services.CouponAPI", "Delux.Services.CouponAPI\Delux.Services.CouponAPI.csproj", "{58670010-65C3-429F-B024-77928B9AE3CA}"
EndProject
Global
	GlobalSection(SolutionConfigurationPlatforms) = preSolution
		Debug|Any CPU = Debug|Any CPU
		Release|Any CPU = Release|Any CPU
	EndGlobalSection
	GlobalSection(ProjectConfigurationPlatforms) = postSolution
		{6AC753AF-E381-4509-A541-837B9558D933}.Debug|Any CPU.ActiveCfg = Debug|Any CPU
		{6AC753AF-E381-4509-A541-837B9558D933}.Debug|Any CPU.Build.0 = Debug|Any CPU
		{6AC753AF-E381-4509-A541-837B9558D933}.Release|Any CPU.ActiveCfg = Release|Any CPU
		{6AC753AF-E381-4509-A541-837B9558D933}.Release|Any CPU.Build.0 = Release|Any CPU
		{EE1FBBFC-7E2F-4401-A7C0-9BB60C8DEB06}.Debug|Any CPU.ActiveCfg = Debug|Any CPU
		{EE1FBBFC-7E2F-4401-A7C0-9BB60C8DEB06}.Debug|Any CPU.Build.0 = Debug|Any CPU
		{EE1FBBFC-7E2F-4401-A7C0-9BB60C8DEB06}.Release|Any CPU.ActiveCfg = Release|Any CPU
		{EE1FBBFC-7E2F-4401-A7C0-9BB60C8DEB06}.Release|Any CPU.Build.0 = Release|Any CPU
		{365126C1-877E-4765-A2AD-A7ED6DF77F36}.Debug|Any CPU.ActiveCfg = Debug|Any CPU
		{365126C1-877E-4765-A2AD-A7ED6DF77F36}.Debug|Any CPU.Build.0 = Debug|Any CPU
		{365126C1-877E-4765-A2AD-A7ED6DF77F36}.Release|Any CPU.ActiveCfg = Release|Any CPU
		{365126C1-877E-4765-A2AD-A7ED6DF77F36}.Release|Any CPU.Build.0 = Release|Any CPU
		{B2E4264F-D98E-485C-BB9E-AB6E6981DBB7}.Debug|Any CPU.ActiveCfg = Debug|Any CPU
		{B2E4264F-D98E-485C-BB9E-AB6E6981DBB7}.Debug|Any CPU.Build.0 = Debug|Any CPU
		{B2E4264F-D98E-485C-BB9E-AB6E6981DBB7}.Release|Any CPU.ActiveCfg = Release|Any CPU
		{B2E4264F-D98E-485C-BB9E-AB6E6981DBB7}.Release|Any CPU.Build.0 = Release|Any CPU
		{58670010-65C3-429F-B024-77928B9AE3CA}.Debug|Any CPU.ActiveCfg = Debug|Any CPU
		{58670010-65C3-429F-B024-77928B9AE3CA}.Debug|Any CPU.Build.0 = Debug|Any CPU
		{58670010-65C3-429F-B024-77928B9AE3CA}.Release|Any CPU.ActiveCfg = Release|Any CPU
		{58670010-65C3-429F-B024-77928B9AE3CA}.Release|Any CPU.Build.0 = Release|Any CPU
	EndGlobalSection
	GlobalSection(SolutionProperties) = preSolution
		HideSolutionNode = FALSE
	EndGlobalSection
	GlobalSection(NestedProjects) = preSolution
		{6AC753AF-E381-4509-A541-837B9558D933} = {19B48D4E-D144-4D71-949D-90E52F018B89}
		{EE1FBBFC-7E2F-4401-A7C0-9BB60C8DEB06} = {5EC3445F-F240-4C49-BA0E-939EB30EF97D}
		{365126C1-877E-4765-A2AD-A7ED6DF77F36} = {5EC3445F-F240-4C49-BA0E-939EB30EF97D}
		{B2E4264F-D98E-485C-BB9E-AB6E6981DBB7} = {5EC3445F-F240-4C49-BA0E-939EB30EF97D}
		{58670010-65C3-429F-B024-77928B9AE3CA} = {5EC3445F-F240-4C49-BA0E-939EB30EF97D}
	EndGlobalSection
	GlobalSection(ExtensibilityGlobals) = postSolution
		SolutionGuid = {CE125DBC-F498-422C-8F71-C56476EB2F16}
	EndGlobalSection
EndGlobal
